
Microsoft Visual Studio Solution File, Format Version 12.00
# Visual Studio Version 16
VisualStudioVersion = 16.0.30204.135
MinimumVisualStudioVersion = 10.0.40219.1
Project("{FAE04EC0-301F-11D3-BF4B-00C04F79EFBC}") = "In-classAPIConsumption", "In-classAPIConsumption\In-classAPIConsumption.csproj", "{8C340A8F-6215-47CB-BC06-DAEE7521DB57}"
EndProject
Global
	GlobalSection(SolutionConfigurationPlatforms) = preSolution
		Debug|Any CPU = Debug|Any CPU
		Release|Any CPU = Release|Any CPU
	EndGlobalSection
	GlobalSection(ProjectConfigurationPlatforms) = postSolution
		{8C340A8F-6215-47CB-BC06-DAEE7521DB57}.Debug|Any CPU.ActiveCfg = Debug|Any CPU
		{8C340A8F-6215-47CB-BC06-DAEE7521DB57}.Debug|Any CPU.Build.0 = Debug|Any CPU
		{8C340A8F-6215-47CB-BC06-DAEE7521DB57}.Release|Any CPU.ActiveCfg = Release|Any CPU
		{8C340A8F-6215-47CB-BC06-DAEE7521DB57}.Release|Any CPU.Build.0 = Release|Any CPU
	EndGlobalSection
	GlobalSection(SolutionProperties) = preSolution
		HideSolutionNode = FALSE
	EndGlobalSection
	GlobalSection(ExtensibilityGlobals) = postSolution
		SolutionGuid = {EE60B0A4-F424-4395-BEC1-D48144C5C9BA}
	EndGlobalSection
EndGlobal
